
Microsoft Visual Studio Solution File, Format Version 12.00
# Visual Studio Version 17
VisualStudioVersion = 17.12.35527.113
MinimumVisualStudioVersion = 10.0.40219.1
Project("{FAE04EC0-301F-11D3-BF4B-00C04F79EFBC}") = "LittleBitMuchAdjustment", "MelonLoaderMod1\LittleBitMuchAdjustment.csproj", "{AA8052D2-3570-4BFE-B7E0-B6453AEE6CFF}"
EndProject
Global
	GlobalSection(SolutionConfigurationPlatforms) = preSolution
		Debug|Any CPU = Debug|Any CPU
		Debug|x64 = Debug|x64
		Release|Any CPU = Release|Any CPU
		Release|x64 = Release|x64
	EndGlobalSection
	GlobalSection(ProjectConfigurationPlatforms) = postSolution
		{AA8052D2-3570-4BFE-B7E0-B6453AEE6CFF}.Debug|Any CPU.ActiveCfg = Debug|Any CPU
		{AA8052D2-3570-4BFE-B7E0-B6453AEE6CFF}.Debug|Any CPU.Build.0 = Debug|Any CPU
		{AA8052D2-3570-4BFE-B7E0-B6453AEE6CFF}.Debug|x64.ActiveCfg = Debug|x64
		{AA8052D2-3570-4BFE-B7E0-B6453AEE6CFF}.Debug|x64.Build.0 = Debug|x64
		{AA8052D2-3570-4BFE-B7E0-B6453AEE6CFF}.Release|Any CPU.ActiveCfg = Release|Any CPU
		{AA8052D2-3570-4BFE-B7E0-B6453AEE6CFF}.Release|Any CPU.Build.0 = Release|Any CPU
		{AA8052D2-3570-4BFE-B7E0-B6453AEE6CFF}.Release|x64.ActiveCfg = Release|x64
		{AA8052D2-3570-4BFE-B7E0-B6453AEE6CFF}.Release|x64.Build.0 = Release|x64
	EndGlobalSection
	GlobalSection(SolutionProperties) = preSolution
		HideSolutionNode = FALSE
	EndGlobalSection
EndGlobal
