
Microsoft Visual Studio Solution File, Format Version 12.00
# Visual Studio Version 17
VisualStudioVersion = 17.12.35527.113
MinimumVisualStudioVersion = 10.0.40219.1
Project("{FAE04EC0-301F-11D3-BF4B-00C04F79EFBC}") = "modtest", "modtest\modtest.csproj", "{58CF9642-C976-47D7-979B-D5301D82D186}"
EndProject
Project("{2150E333-8FDC-42A3-9474-1A3956D46DE8}") = "NewFolder1", "NewFolder1", "{82AC5641-505C-4B4F-8014-7CE78B42C939}"
	ProjectSection(SolutionItems) = preProject
		E:\Steam\steamapps\common\VolcanoPrincess\VolcanoPrincess_Data\Managed\Assembly-CSharp-firstpass.dll = E:\Steam\steamapps\common\VolcanoPrincess\VolcanoPrincess_Data\Managed\Assembly-CSharp-firstpass.dll
		E:\Steam\steamapps\common\VolcanoPrincess\VolcanoPrincess_Data\Managed\Assembly-CSharp.dll = E:\Steam\steamapps\common\VolcanoPrincess\VolcanoPrincess_Data\Managed\Assembly-CSharp.dll
		E:\Steam\steamapps\common\VolcanoPrincess\VolcanoPrincess_Data\Managed\com.rlabrecque.steamworks.net.dll = E:\Steam\steamapps\common\VolcanoPrincess\VolcanoPrincess_Data\Managed\com.rlabrecque.steamworks.net.dll
		E:\Steam\steamapps\common\VolcanoPrincess\VolcanoPrincess_Data\Managed\DOTween.dll = E:\Steam\steamapps\common\VolcanoPrincess\VolcanoPrincess_Data\Managed\DOTween.dll
		E:\Steam\steamapps\common\VolcanoPrincess\VolcanoPrincess_Data\Managed\Mono.Security.dll = E:\Steam\steamapps\common\VolcanoPrincess\VolcanoPrincess_Data\Managed\Mono.Security.dll
		E:\Steam\steamapps\common\VolcanoPrincess\VolcanoPrincess_Data\Managed\mscorlib.dll = E:\Steam\steamapps\common\VolcanoPrincess\VolcanoPrincess_Data\Managed\mscorlib.dll
		E:\Steam\steamapps\common\VolcanoPrincess\VolcanoPrincess_Data\Managed\netstandard.dll = E:\Steam\steamapps\common\VolcanoPrincess\VolcanoPrincess_Data\Managed\netstandard.dll
		E:\Steam\steamapps\common\VolcanoPrincess\VolcanoPrincess_Data\Managed\spine-unity.dll = E:\Steam\steamapps\common\VolcanoPrincess\VolcanoPrincess_Data\Managed\spine-unity.dll
		E:\Steam\steamapps\common\VolcanoPrincess\VolcanoPrincess_Data\Managed\System.ComponentModel.Composition.dll = E:\Steam\steamapps\common\VolcanoPrincess\VolcanoPrincess_Data\Managed\System.ComponentModel.Composition.dll
		E:\Steam\steamapps\common\VolcanoPrincess\VolcanoPrincess_Data\Managed\System.Configuration.dll = E:\Steam\steamapps\common\VolcanoPrincess\VolcanoPrincess_Data\Managed\System.Configuration.dll
		E:\Steam\steamapps\common\VolcanoPrincess\VolcanoPrincess_Data\Managed\System.Core.dll = E:\Steam\steamapps\common\VolcanoPrincess\VolcanoPrincess_Data\Managed\System.Core.dll
		E:\Steam\steamapps\common\VolcanoPrincess\VolcanoPrincess_Data\Managed\System.Data.DataSetExtensions.dll = E:\Steam\steamapps\common\VolcanoPrincess\VolcanoPrincess_Data\Managed\System.Data.DataSetExtensions.dll
		E:\Steam\steamapps\common\VolcanoPrincess\VolcanoPrincess_Data\Managed\System.Data.dll = E:\Steam\steamapps\common\VolcanoPrincess\VolcanoPrincess_Data\Managed\System.Data.dll
		E:\Steam\steamapps\common\VolcanoPrincess\VolcanoPrincess_Data\Managed\System.dll = E:\Steam\steamapps\common\VolcanoPrincess\VolcanoPrincess_Data\Managed\System.dll
		E:\Steam\steamapps\common\VolcanoPrincess\VolcanoPrincess_Data\Managed\System.Drawing.dll = E:\Steam\steamapps\common\VolcanoPrincess\VolcanoPrincess_Data\Managed\System.Drawing.dll
		E:\Steam\steamapps\common\VolcanoPrincess\VolcanoPrincess_Data\Managed\System.EnterpriseServices.dll = E:\Steam\steamapps\common\VolcanoPrincess\VolcanoPrincess_Data\Managed\System.EnterpriseServices.dll
		E:\Steam\steamapps\common\VolcanoPrincess\VolcanoPrincess_Data\Managed\System.IO.Compression.dll = E:\Steam\steamapps\common\VolcanoPrincess\VolcanoPrincess_Data\Managed\System.IO.Compression.dll
		E:\Steam\steamapps\common\VolcanoPrincess\VolcanoPrincess_Data\Managed\System.IO.Compression.FileSystem.dll = E:\Steam\steamapps\common\VolcanoPrincess\VolcanoPrincess_Data\Managed\System.IO.Compression.FileSystem.dll
		E:\Steam\steamapps\common\VolcanoPrincess\VolcanoPrincess_Data\Managed\System.Net.Http.dll = E:\Steam\steamapps\common\VolcanoPrincess\VolcanoPrincess_Data\Managed\System.Net.Http.dll
		E:\Steam\steamapps\common\VolcanoPrincess\VolcanoPrincess_Data\Managed\System.Numerics.dll = E:\Steam\steamapps\common\VolcanoPrincess\VolcanoPrincess_Data\Managed\System.Numerics.dll
		E:\Steam\steamapps\common\VolcanoPrincess\VolcanoPrincess_Data\Managed\System.Runtime.dll = E:\Steam\steamapps\common\VolcanoPrincess\VolcanoPrincess_Data\Managed\System.Runtime.dll
		E:\Steam\steamapps\common\VolcanoPrincess\VolcanoPrincess_Data\Managed\System.Runtime.Serialization.dll = E:\Steam\steamapps\common\VolcanoPrincess\VolcanoPrincess_Data\Managed\System.Runtime.Serialization.dll
		E:\Steam\steamapps\common\VolcanoPrincess\VolcanoPrincess_Data\Managed\System.Security.dll = E:\Steam\steamapps\common\VolcanoPrincess\VolcanoPrincess_Data\Managed\System.Security.dll
		E:\Steam\steamapps\common\VolcanoPrincess\VolcanoPrincess_Data\Managed\System.ServiceModel.Internals.dll = E:\Steam\steamapps\common\VolcanoPrincess\VolcanoPrincess_Data\Managed\System.ServiceModel.Internals.dll
		E:\Steam\steamapps\common\VolcanoPrincess\VolcanoPrincess_Data\Managed\System.Transactions.dll = E:\Steam\steamapps\common\VolcanoPrincess\VolcanoPrincess_Data\Managed\System.Transactions.dll
		E:\Steam\steamapps\common\VolcanoPrincess\VolcanoPrincess_Data\Managed\System.Xml.dll = E:\Steam\steamapps\common\VolcanoPrincess\VolcanoPrincess_Data\Managed\System.Xml.dll
		E:\Steam\steamapps\common\VolcanoPrincess\VolcanoPrincess_Data\Managed\System.Xml.Linq.dll = E:\Steam\steamapps\common\VolcanoPrincess\VolcanoPrincess_Data\Managed\System.Xml.Linq.dll
		E:\Steam\steamapps\common\VolcanoPrincess\VolcanoPrincess_Data\Managed\Unity.2D.Animation.Runtime.dll = E:\Steam\steamapps\common\VolcanoPrincess\VolcanoPrincess_Data\Managed\Unity.2D.Animation.Runtime.dll
		E:\Steam\steamapps\common\VolcanoPrincess\VolcanoPrincess_Data\Managed\Unity.2D.Common.Runtime.dll = E:\Steam\steamapps\common\VolcanoPrincess\VolcanoPrincess_Data\Managed\Unity.2D.Common.Runtime.dll
		E:\Steam\steamapps\common\VolcanoPrincess\VolcanoPrincess_Data\Managed\Unity.2D.IK.Runtime.dll = E:\Steam\steamapps\common\VolcanoPrincess\VolcanoPrincess_Data\Managed\Unity.2D.IK.Runtime.dll
		E:\Steam\steamapps\common\VolcanoPrincess\VolcanoPrincess_Data\Managed\Unity.2D.PixelPerfect.dll = E:\Steam\steamapps\common\VolcanoPrincess\VolcanoPrincess_Data\Managed\Unity.2D.PixelPerfect.dll
		E:\Steam\steamapps\common\VolcanoPrincess\VolcanoPrincess_Data\Managed\Unity.2D.SpriteShape.Runtime.dll = E:\Steam\steamapps\common\VolcanoPrincess\VolcanoPrincess_Data\Managed\Unity.2D.SpriteShape.Runtime.dll
		E:\Steam\steamapps\common\VolcanoPrincess\VolcanoPrincess_Data\Managed\Unity.2D.Tilemap.Extras.dll = E:\Steam\steamapps\common\VolcanoPrincess\VolcanoPrincess_Data\Managed\Unity.2D.Tilemap.Extras.dll
		E:\Steam\steamapps\common\VolcanoPrincess\VolcanoPrincess_Data\Managed\Unity.AI.Navigation.dll = E:\Steam\steamapps\common\VolcanoPrincess\VolcanoPrincess_Data\Managed\Unity.AI.Navigation.dll
		E:\Steam\steamapps\common\VolcanoPrincess\VolcanoPrincess_Data\Managed\Unity.Burst.dll = E:\Steam\steamapps\common\VolcanoPrincess\VolcanoPrincess_Data\Managed\Unity.Burst.dll
		E:\Steam\steamapps\common\VolcanoPrincess\VolcanoPrincess_Data\Managed\Unity.Burst.Unsafe.dll = E:\Steam\steamapps\common\VolcanoPrincess\VolcanoPrincess_Data\Managed\Unity.Burst.Unsafe.dll
		E:\Steam\steamapps\common\VolcanoPrincess\VolcanoPrincess_Data\Managed\Unity.Collections.dll = E:\Steam\steamapps\common\VolcanoPrincess\VolcanoPrincess_Data\Managed\Unity.Collections.dll
		E:\Steam\steamapps\common\VolcanoPrincess\VolcanoPrincess_Data\Managed\Unity.Collections.LowLevel.ILSupport.dll = E:\Steam\steamapps\common\VolcanoPrincess\VolcanoPrincess_Data\Managed\Unity.Collections.LowLevel.ILSupport.dll
		E:\Steam\steamapps\common\VolcanoPrincess\VolcanoPrincess_Data\Managed\Unity.InternalAPIEngineBridge.001.dll = E:\Steam\steamapps\common\VolcanoPrincess\VolcanoPrincess_Data\Managed\Unity.InternalAPIEngineBridge.001.dll
		E:\Steam\steamapps\common\VolcanoPrincess\VolcanoPrincess_Data\Managed\Unity.Mathematics.dll = E:\Steam\steamapps\common\VolcanoPrincess\VolcanoPrincess_Data\Managed\Unity.Mathematics.dll
		E:\Steam\steamapps\common\VolcanoPrincess\VolcanoPrincess_Data\Managed\Unity.Multiplayer.Center.Common.dll = E:\Steam\steamapps\common\VolcanoPrincess\VolcanoPrincess_Data\Managed\Unity.Multiplayer.Center.Common.dll
		E:\Steam\steamapps\common\VolcanoPrincess\VolcanoPrincess_Data\Managed\Unity.Postprocessing.Runtime.dll = E:\Steam\steamapps\common\VolcanoPrincess\VolcanoPrincess_Data\Managed\Unity.Postprocessing.Runtime.dll
		E:\Steam\steamapps\common\VolcanoPrincess\VolcanoPrincess_Data\Managed\Unity.TextMeshPro.dll = E:\Steam\steamapps\common\VolcanoPrincess\VolcanoPrincess_Data\Managed\Unity.TextMeshPro.dll
		E:\Steam\steamapps\common\VolcanoPrincess\VolcanoPrincess_Data\Managed\Unity.Timeline.dll = E:\Steam\steamapps\common\VolcanoPrincess\VolcanoPrincess_Data\Managed\Unity.Timeline.dll
		E:\Steam\steamapps\common\VolcanoPrincess\VolcanoPrincess_Data\Managed\Unity.VisualScripting.Antlr3.Runtime.dll = E:\Steam\steamapps\common\VolcanoPrincess\VolcanoPrincess_Data\Managed\Unity.VisualScripting.Antlr3.Runtime.dll
		E:\Steam\steamapps\common\VolcanoPrincess\VolcanoPrincess_Data\Managed\Unity.VisualScripting.Core.dll = E:\Steam\steamapps\common\VolcanoPrincess\VolcanoPrincess_Data\Managed\Unity.VisualScripting.Core.dll
		E:\Steam\steamapps\common\VolcanoPrincess\VolcanoPrincess_Data\Managed\Unity.VisualScripting.Flow.dll = E:\Steam\steamapps\common\VolcanoPrincess\VolcanoPrincess_Data\Managed\Unity.VisualScripting.Flow.dll
		E:\Steam\steamapps\common\VolcanoPrincess\VolcanoPrincess_Data\Managed\Unity.VisualScripting.State.dll = E:\Steam\steamapps\common\VolcanoPrincess\VolcanoPrincess_Data\Managed\Unity.VisualScripting.State.dll
		E:\Steam\steamapps\common\VolcanoPrincess\VolcanoPrincess_Data\Managed\UnityEngine.AccessibilityModule.dll = E:\Steam\steamapps\common\VolcanoPrincess\VolcanoPrincess_Data\Managed\UnityEngine.AccessibilityModule.dll
		E:\Steam\steamapps\common\VolcanoPrincess\VolcanoPrincess_Data\Managed\UnityEngine.AIModule.dll = E:\Steam\steamapps\common\VolcanoPrincess\VolcanoPrincess_Data\Managed\UnityEngine.AIModule.dll
		E:\Steam\steamapps\common\VolcanoPrincess\VolcanoPrincess_Data\Managed\UnityEngine.AMDModule.dll = E:\Steam\steamapps\common\VolcanoPrincess\VolcanoPrincess_Data\Managed\UnityEngine.AMDModule.dll
		E:\Steam\steamapps\common\VolcanoPrincess\VolcanoPrincess_Data\Managed\UnityEngine.AndroidJNIModule.dll = E:\Steam\steamapps\common\VolcanoPrincess\VolcanoPrincess_Data\Managed\UnityEngine.AndroidJNIModule.dll
		E:\Steam\steamapps\common\VolcanoPrincess\VolcanoPrincess_Data\Managed\UnityEngine.AnimationModule.dll = E:\Steam\steamapps\common\VolcanoPrincess\VolcanoPrincess_Data\Managed\UnityEngine.AnimationModule.dll
		E:\Steam\steamapps\common\VolcanoPrincess\VolcanoPrincess_Data\Managed\UnityEngine.ARModule.dll = E:\Steam\steamapps\common\VolcanoPrincess\VolcanoPrincess_Data\Managed\UnityEngine.ARModule.dll
		E:\Steam\steamapps\common\VolcanoPrincess\VolcanoPrincess_Data\Managed\UnityEngine.AssetBundleModule.dll = E:\Steam\steamapps\common\VolcanoPrincess\VolcanoPrincess_Data\Managed\UnityEngine.AssetBundleModule.dll
		E:\Steam\steamapps\common\VolcanoPrincess\VolcanoPrincess_Data\Managed\UnityEngine.AudioModule.dll = E:\Steam\steamapps\common\VolcanoPrincess\VolcanoPrincess_Data\Managed\UnityEngine.AudioModule.dll
		E:\Steam\steamapps\common\VolcanoPrincess\VolcanoPrincess_Data\Managed\UnityEngine.ClothModule.dll = E:\Steam\steamapps\common\VolcanoPrincess\VolcanoPrincess_Data\Managed\UnityEngine.ClothModule.dll
		E:\Steam\steamapps\common\VolcanoPrincess\VolcanoPrincess_Data\Managed\UnityEngine.ClusterInputModule.dll = E:\Steam\steamapps\common\VolcanoPrincess\VolcanoPrincess_Data\Managed\UnityEngine.ClusterInputModule.dll
		E:\Steam\steamapps\common\VolcanoPrincess\VolcanoPrincess_Data\Managed\UnityEngine.ClusterRendererModule.dll = E:\Steam\steamapps\common\VolcanoPrincess\VolcanoPrincess_Data\Managed\UnityEngine.ClusterRendererModule.dll
		E:\Steam\steamapps\common\VolcanoPrincess\VolcanoPrincess_Data\Managed\UnityEngine.ContentLoadModule.dll = E:\Steam\steamapps\common\VolcanoPrincess\VolcanoPrincess_Data\Managed\UnityEngine.ContentLoadModule.dll
		E:\Steam\steamapps\common\VolcanoPrincess\VolcanoPrincess_Data\Managed\UnityEngine.CoreModule.dll = E:\Steam\steamapps\common\VolcanoPrincess\VolcanoPrincess_Data\Managed\UnityEngine.CoreModule.dll
		E:\Steam\steamapps\common\VolcanoPrincess\VolcanoPrincess_Data\Managed\UnityEngine.CrashReportingModule.dll = E:\Steam\steamapps\common\VolcanoPrincess\VolcanoPrincess_Data\Managed\UnityEngine.CrashReportingModule.dll
		E:\Steam\steamapps\common\VolcanoPrincess\VolcanoPrincess_Data\Managed\UnityEngine.DirectorModule.dll = E:\Steam\steamapps\common\VolcanoPrincess\VolcanoPrincess_Data\Managed\UnityEngine.DirectorModule.dll
		E:\Steam\steamapps\common\VolcanoPrincess\VolcanoPrincess_Data\Managed\UnityEngine.dll = E:\Steam\steamapps\common\VolcanoPrincess\VolcanoPrincess_Data\Managed\UnityEngine.dll
		E:\Steam\steamapps\common\VolcanoPrincess\VolcanoPrincess_Data\Managed\UnityEngine.DSPGraphModule.dll = E:\Steam\steamapps\common\VolcanoPrincess\VolcanoPrincess_Data\Managed\UnityEngine.DSPGraphModule.dll
		E:\Steam\steamapps\common\VolcanoPrincess\VolcanoPrincess_Data\Managed\UnityEngine.GameCenterModule.dll = E:\Steam\steamapps\common\VolcanoPrincess\VolcanoPrincess_Data\Managed\UnityEngine.GameCenterModule.dll
		E:\Steam\steamapps\common\VolcanoPrincess\VolcanoPrincess_Data\Managed\UnityEngine.GIModule.dll = E:\Steam\steamapps\common\VolcanoPrincess\VolcanoPrincess_Data\Managed\UnityEngine.GIModule.dll
		E:\Steam\steamapps\common\VolcanoPrincess\VolcanoPrincess_Data\Managed\UnityEngine.GraphicsStateCollectionSerializerModule.dll = E:\Steam\steamapps\common\VolcanoPrincess\VolcanoPrincess_Data\Managed\UnityEngine.GraphicsStateCollectionSerializerModule.dll
		E:\Steam\steamapps\common\VolcanoPrincess\VolcanoPrincess_Data\Managed\UnityEngine.GridModule.dll = E:\Steam\steamapps\common\VolcanoPrincess\VolcanoPrincess_Data\Managed\UnityEngine.GridModule.dll
		E:\Steam\steamapps\common\VolcanoPrincess\VolcanoPrincess_Data\Managed\UnityEngine.HierarchyCoreModule.dll = E:\Steam\steamapps\common\VolcanoPrincess\VolcanoPrincess_Data\Managed\UnityEngine.HierarchyCoreModule.dll
		E:\Steam\steamapps\common\VolcanoPrincess\VolcanoPrincess_Data\Managed\UnityEngine.HotReloadModule.dll = E:\Steam\steamapps\common\VolcanoPrincess\VolcanoPrincess_Data\Managed\UnityEngine.HotReloadModule.dll
		E:\Steam\steamapps\common\VolcanoPrincess\VolcanoPrincess_Data\Managed\UnityEngine.ImageConversionModule.dll = E:\Steam\steamapps\common\VolcanoPrincess\VolcanoPrincess_Data\Managed\UnityEngine.ImageConversionModule.dll
		E:\Steam\steamapps\common\VolcanoPrincess\VolcanoPrincess_Data\Managed\UnityEngine.IMGUIModule.dll = E:\Steam\steamapps\common\VolcanoPrincess\VolcanoPrincess_Data\Managed\UnityEngine.IMGUIModule.dll
		E:\Steam\steamapps\common\VolcanoPrincess\VolcanoPrincess_Data\Managed\UnityEngine.InputForUIModule.dll = E:\Steam\steamapps\common\VolcanoPrincess\VolcanoPrincess_Data\Managed\UnityEngine.InputForUIModule.dll
		E:\Steam\steamapps\common\VolcanoPrincess\VolcanoPrincess_Data\Managed\UnityEngine.InputLegacyModule.dll = E:\Steam\steamapps\common\VolcanoPrincess\VolcanoPrincess_Data\Managed\UnityEngine.InputLegacyModule.dll
		E:\Steam\steamapps\common\VolcanoPrincess\VolcanoPrincess_Data\Managed\UnityEngine.InputModule.dll = E:\Steam\steamapps\common\VolcanoPrincess\VolcanoPrincess_Data\Managed\UnityEngine.InputModule.dll
		E:\Steam\steamapps\common\VolcanoPrincess\VolcanoPrincess_Data\Managed\UnityEngine.JSONSerializeModule.dll = E:\Steam\steamapps\common\VolcanoPrincess\VolcanoPrincess_Data\Managed\UnityEngine.JSONSerializeModule.dll
		E:\Steam\steamapps\common\VolcanoPrincess\VolcanoPrincess_Data\Managed\UnityEngine.LocalizationModule.dll = E:\Steam\steamapps\common\VolcanoPrincess\VolcanoPrincess_Data\Managed\UnityEngine.LocalizationModule.dll
		E:\Steam\steamapps\common\VolcanoPrincess\VolcanoPrincess_Data\Managed\UnityEngine.MarshallingModule.dll = E:\Steam\steamapps\common\VolcanoPrincess\VolcanoPrincess_Data\Managed\UnityEngine.MarshallingModule.dll
		E:\Steam\steamapps\common\VolcanoPrincess\VolcanoPrincess_Data\Managed\UnityEngine.MultiplayerModule.dll = E:\Steam\steamapps\common\VolcanoPrincess\VolcanoPrincess_Data\Managed\UnityEngine.MultiplayerModule.dll
		E:\Steam\steamapps\common\VolcanoPrincess\VolcanoPrincess_Data\Managed\UnityEngine.NVIDIAModule.dll = E:\Steam\steamapps\common\VolcanoPrincess\VolcanoPrincess_Data\Managed\UnityEngine.NVIDIAModule.dll
		E:\Steam\steamapps\common\VolcanoPrincess\VolcanoPrincess_Data\Managed\UnityEngine.ParticleSystemModule.dll = E:\Steam\steamapps\common\VolcanoPrincess\VolcanoPrincess_Data\Managed\UnityEngine.ParticleSystemModule.dll
		E:\Steam\steamapps\common\VolcanoPrincess\VolcanoPrincess_Data\Managed\UnityEngine.PerformanceReportingModule.dll = E:\Steam\steamapps\common\VolcanoPrincess\VolcanoPrincess_Data\Managed\UnityEngine.PerformanceReportingModule.dll
		E:\Steam\steamapps\common\VolcanoPrincess\VolcanoPrincess_Data\Managed\UnityEngine.Physics2DModule.dll = E:\Steam\steamapps\common\VolcanoPrincess\VolcanoPrincess_Data\Managed\UnityEngine.Physics2DModule.dll
		E:\Steam\steamapps\common\VolcanoPrincess\VolcanoPrincess_Data\Managed\UnityEngine.PhysicsModule.dll = E:\Steam\steamapps\common\VolcanoPrincess\VolcanoPrincess_Data\Managed\UnityEngine.PhysicsModule.dll
		E:\Steam\steamapps\common\VolcanoPrincess\VolcanoPrincess_Data\Managed\UnityEngine.PropertiesModule.dll = E:\Steam\steamapps\common\VolcanoPrincess\VolcanoPrincess_Data\Managed\UnityEngine.PropertiesModule.dll
		E:\Steam\steamapps\common\VolcanoPrincess\VolcanoPrincess_Data\Managed\UnityEngine.RuntimeInitializeOnLoadManagerInitializerModule.dll = E:\Steam\steamapps\common\VolcanoPrincess\VolcanoPrincess_Data\Managed\UnityEngine.RuntimeInitializeOnLoadManagerInitializerModule.dll
		E:\Steam\steamapps\common\VolcanoPrincess\VolcanoPrincess_Data\Managed\UnityEngine.ScreenCaptureModule.dll = E:\Steam\steamapps\common\VolcanoPrincess\VolcanoPrincess_Data\Managed\UnityEngine.ScreenCaptureModule.dll
		E:\Steam\steamapps\common\VolcanoPrincess\VolcanoPrincess_Data\Managed\UnityEngine.ShaderVariantAnalyticsModule.dll = E:\Steam\steamapps\common\VolcanoPrincess\VolcanoPrincess_Data\Managed\UnityEngine.ShaderVariantAnalyticsModule.dll
		E:\Steam\steamapps\common\VolcanoPrincess\VolcanoPrincess_Data\Managed\UnityEngine.SharedInternalsModule.dll = E:\Steam\steamapps\common\VolcanoPrincess\VolcanoPrincess_Data\Managed\UnityEngine.SharedInternalsModule.dll
		E:\Steam\steamapps\common\VolcanoPrincess\VolcanoPrincess_Data\Managed\UnityEngine.SpriteMaskModule.dll = E:\Steam\steamapps\common\VolcanoPrincess\VolcanoPrincess_Data\Managed\UnityEngine.SpriteMaskModule.dll
		E:\Steam\steamapps\common\VolcanoPrincess\VolcanoPrincess_Data\Managed\UnityEngine.SpriteShapeModule.dll = E:\Steam\steamapps\common\VolcanoPrincess\VolcanoPrincess_Data\Managed\UnityEngine.SpriteShapeModule.dll
		E:\Steam\steamapps\common\VolcanoPrincess\VolcanoPrincess_Data\Managed\UnityEngine.StreamingModule.dll = E:\Steam\steamapps\common\VolcanoPrincess\VolcanoPrincess_Data\Managed\UnityEngine.StreamingModule.dll
		E:\Steam\steamapps\common\VolcanoPrincess\VolcanoPrincess_Data\Managed\UnityEngine.SubstanceModule.dll = E:\Steam\steamapps\common\VolcanoPrincess\VolcanoPrincess_Data\Managed\UnityEngine.SubstanceModule.dll
		E:\Steam\steamapps\common\VolcanoPrincess\VolcanoPrincess_Data\Managed\UnityEngine.SubsystemsModule.dll = E:\Steam\steamapps\common\VolcanoPrincess\VolcanoPrincess_Data\Managed\UnityEngine.SubsystemsModule.dll
		E:\Steam\steamapps\common\VolcanoPrincess\VolcanoPrincess_Data\Managed\UnityEngine.TerrainModule.dll = E:\Steam\steamapps\common\VolcanoPrincess\VolcanoPrincess_Data\Managed\UnityEngine.TerrainModule.dll
		E:\Steam\steamapps\common\VolcanoPrincess\VolcanoPrincess_Data\Managed\UnityEngine.TerrainPhysicsModule.dll = E:\Steam\steamapps\common\VolcanoPrincess\VolcanoPrincess_Data\Managed\UnityEngine.TerrainPhysicsModule.dll
		E:\Steam\steamapps\common\VolcanoPrincess\VolcanoPrincess_Data\Managed\UnityEngine.TextCoreFontEngineModule.dll = E:\Steam\steamapps\common\VolcanoPrincess\VolcanoPrincess_Data\Managed\UnityEngine.TextCoreFontEngineModule.dll
		E:\Steam\steamapps\common\VolcanoPrincess\VolcanoPrincess_Data\Managed\UnityEngine.TextCoreTextEngineModule.dll = E:\Steam\steamapps\common\VolcanoPrincess\VolcanoPrincess_Data\Managed\UnityEngine.TextCoreTextEngineModule.dll
		E:\Steam\steamapps\common\VolcanoPrincess\VolcanoPrincess_Data\Managed\UnityEngine.TextRenderingModule.dll = E:\Steam\steamapps\common\VolcanoPrincess\VolcanoPrincess_Data\Managed\UnityEngine.TextRenderingModule.dll
		E:\Steam\steamapps\common\VolcanoPrincess\VolcanoPrincess_Data\Managed\UnityEngine.TilemapModule.dll = E:\Steam\steamapps\common\VolcanoPrincess\VolcanoPrincess_Data\Managed\UnityEngine.TilemapModule.dll
		E:\Steam\steamapps\common\VolcanoPrincess\VolcanoPrincess_Data\Managed\UnityEngine.TLSModule.dll = E:\Steam\steamapps\common\VolcanoPrincess\VolcanoPrincess_Data\Managed\UnityEngine.TLSModule.dll
		E:\Steam\steamapps\common\VolcanoPrincess\VolcanoPrincess_Data\Managed\UnityEngine.UI.dll = E:\Steam\steamapps\common\VolcanoPrincess\VolcanoPrincess_Data\Managed\UnityEngine.UI.dll
		E:\Steam\steamapps\common\VolcanoPrincess\VolcanoPrincess_Data\Managed\UnityEngine.UIElementsModule.dll = E:\Steam\steamapps\common\VolcanoPrincess\VolcanoPrincess_Data\Managed\UnityEngine.UIElementsModule.dll
		E:\Steam\steamapps\common\VolcanoPrincess\VolcanoPrincess_Data\Managed\UnityEngine.UIModule.dll = E:\Steam\steamapps\common\VolcanoPrincess\VolcanoPrincess_Data\Managed\UnityEngine.UIModule.dll
		E:\Steam\steamapps\common\VolcanoPrincess\VolcanoPrincess_Data\Managed\UnityEngine.UmbraModule.dll = E:\Steam\steamapps\common\VolcanoPrincess\VolcanoPrincess_Data\Managed\UnityEngine.UmbraModule.dll
		E:\Steam\steamapps\common\VolcanoPrincess\VolcanoPrincess_Data\Managed\UnityEngine.UnityAnalyticsCommonModule.dll = E:\Steam\steamapps\common\VolcanoPrincess\VolcanoPrincess_Data\Managed\UnityEngine.UnityAnalyticsCommonModule.dll
		E:\Steam\steamapps\common\VolcanoPrincess\VolcanoPrincess_Data\Managed\UnityEngine.UnityAnalyticsModule.dll = E:\Steam\steamapps\common\VolcanoPrincess\VolcanoPrincess_Data\Managed\UnityEngine.UnityAnalyticsModule.dll
		E:\Steam\steamapps\common\VolcanoPrincess\VolcanoPrincess_Data\Managed\UnityEngine.UnityConnectModule.dll = E:\Steam\steamapps\common\VolcanoPrincess\VolcanoPrincess_Data\Managed\UnityEngine.UnityConnectModule.dll
		E:\Steam\steamapps\common\VolcanoPrincess\VolcanoPrincess_Data\Managed\UnityEngine.UnityCurlModule.dll = E:\Steam\steamapps\common\VolcanoPrincess\VolcanoPrincess_Data\Managed\UnityEngine.UnityCurlModule.dll
		E:\Steam\steamapps\common\VolcanoPrincess\VolcanoPrincess_Data\Managed\UnityEngine.UnityTestProtocolModule.dll = E:\Steam\steamapps\common\VolcanoPrincess\VolcanoPrincess_Data\Managed\UnityEngine.UnityTestProtocolModule.dll
		E:\Steam\steamapps\common\VolcanoPrincess\VolcanoPrincess_Data\Managed\UnityEngine.UnityWebRequestAssetBundleModule.dll = E:\Steam\steamapps\common\VolcanoPrincess\VolcanoPrincess_Data\Managed\UnityEngine.UnityWebRequestAssetBundleModule.dll
		E:\Steam\steamapps\common\VolcanoPrincess\VolcanoPrincess_Data\Managed\UnityEngine.UnityWebRequestAudioModule.dll = E:\Steam\steamapps\common\VolcanoPrincess\VolcanoPrincess_Data\Managed\UnityEngine.UnityWebRequestAudioModule.dll
		E:\Steam\steamapps\common\VolcanoPrincess\VolcanoPrincess_Data\Managed\UnityEngine.UnityWebRequestModule.dll = E:\Steam\steamapps\common\VolcanoPrincess\VolcanoPrincess_Data\Managed\UnityEngine.UnityWebRequestModule.dll
		E:\Steam\steamapps\common\VolcanoPrincess\VolcanoPrincess_Data\Managed\UnityEngine.UnityWebRequestTextureModule.dll = E:\Steam\steamapps\common\VolcanoPrincess\VolcanoPrincess_Data\Managed\UnityEngine.UnityWebRequestTextureModule.dll
		E:\Steam\steamapps\common\VolcanoPrincess\VolcanoPrincess_Data\Managed\UnityEngine.UnityWebRequestWWWModule.dll = E:\Steam\steamapps\common\VolcanoPrincess\VolcanoPrincess_Data\Managed\UnityEngine.UnityWebRequestWWWModule.dll
		E:\Steam\steamapps\common\VolcanoPrincess\VolcanoPrincess_Data\Managed\UnityEngine.VehiclesModule.dll = E:\Steam\steamapps\common\VolcanoPrincess\VolcanoPrincess_Data\Managed\UnityEngine.VehiclesModule.dll
		E:\Steam\steamapps\common\VolcanoPrincess\VolcanoPrincess_Data\Managed\UnityEngine.VFXModule.dll = E:\Steam\steamapps\common\VolcanoPrincess\VolcanoPrincess_Data\Managed\UnityEngine.VFXModule.dll
		E:\Steam\steamapps\common\VolcanoPrincess\VolcanoPrincess_Data\Managed\UnityEngine.VideoModule.dll = E:\Steam\steamapps\common\VolcanoPrincess\VolcanoPrincess_Data\Managed\UnityEngine.VideoModule.dll
		E:\Steam\steamapps\common\VolcanoPrincess\VolcanoPrincess_Data\Managed\UnityEngine.VirtualTexturingModule.dll = E:\Steam\steamapps\common\VolcanoPrincess\VolcanoPrincess_Data\Managed\UnityEngine.VirtualTexturingModule.dll
		E:\Steam\steamapps\common\VolcanoPrincess\VolcanoPrincess_Data\Managed\UnityEngine.VRModule.dll = E:\Steam\steamapps\common\VolcanoPrincess\VolcanoPrincess_Data\Managed\UnityEngine.VRModule.dll
		E:\Steam\steamapps\common\VolcanoPrincess\VolcanoPrincess_Data\Managed\UnityEngine.WindModule.dll = E:\Steam\steamapps\common\VolcanoPrincess\VolcanoPrincess_Data\Managed\UnityEngine.WindModule.dll
		E:\Steam\steamapps\common\VolcanoPrincess\VolcanoPrincess_Data\Managed\UnityEngine.XRModule.dll = E:\Steam\steamapps\common\VolcanoPrincess\VolcanoPrincess_Data\Managed\UnityEngine.XRModule.dll
	EndProjectSection
EndProject
Global
	GlobalSection(SolutionConfigurationPlatforms) = preSolution
		Debug|Any CPU = Debug|Any CPU
		Release|Any CPU = Release|Any CPU
	EndGlobalSection
	GlobalSection(ProjectConfigurationPlatforms) = postSolution
		{58CF9642-C976-47D7-979B-D5301D82D186}.Debug|Any CPU.ActiveCfg = Debug|Any CPU
		{58CF9642-C976-47D7-979B-D5301D82D186}.Debug|Any CPU.Build.0 = Debug|Any CPU
		{58CF9642-C976-47D7-979B-D5301D82D186}.Release|Any CPU.ActiveCfg = Release|Any CPU
		{58CF9642-C976-47D7-979B-D5301D82D186}.Release|Any CPU.Build.0 = Release|Any CPU
	EndGlobalSection
	GlobalSection(SolutionProperties) = preSolution
		HideSolutionNode = FALSE
	EndGlobalSection
EndGlobal
